
Microsoft Visual Studio Solution File, Format Version 12.00
# Visual Studio 15
VisualStudioVersion = 15.0.27004.2009
MinimumVisualStudioVersion = 10.0.40219.1
Project("{8BC9CEB8-8B4A-11D0-8D11-00A0C91BC942}") = "01-Double_Pendulum", "01-Double_Pendulum\01-Double_Pendulum.vcxproj", "{DF887146-3256-468C-B3C6-22DA401C2CAA}"
EndProject
Project("{8BC9CEB8-8B4A-11D0-8D11-00A0C91BC942}") = "02-Lorenz_Attractor", "02-Lorenz_Attractor\02-Lorenz_Attractor.vcxproj", "{EB7094A1-F385-4C00-8C30-F2EB3A2323AD}"
EndProject
Project("{8BC9CEB8-8B4A-11D0-8D11-00A0C91BC942}") = "03-Travelling_Salesman_Problem", "03-Travelling_Salesman_Problem\03-Travelling_Salesman_Problem.vcxproj", "{AC42C31F-D9AA-40FA-91A4-2A463B8936AB}"
EndProject
Project("{8BC9CEB8-8B4A-11D0-8D11-00A0C91BC942}") = "04-Starfield", "04-Starfield\04-Starfield.vcxproj", "{93252CBB-D7C9-4C4B-97C8-A8A8E9A599AC}"
EndProject
Project("{8BC9CEB8-8B4A-11D0-8D11-00A0C91BC942}") = "05-Fractal_Free", "05-Fractal_Free\05-Fractal_Free.vcxproj", "{171CBA96-88DF-4039-8132-15EF3D565499}"
EndProject
Project("{8BC9CEB8-8B4A-11D0-8D11-00A0C91BC942}") = "06-Game_of_Life", "06-Game_of_Life\06-Game_of_Life.vcxproj", "{0A6EFBD4-644E-492A-804F-983CF722C3EE}"
EndProject
Global
	GlobalSection(SolutionConfigurationPlatforms) = preSolution
		Debug|x64 = Debug|x64
		Release|x64 = Release|x64
	EndGlobalSection
	GlobalSection(ProjectConfigurationPlatforms) = postSolution
		{DF887146-3256-468C-B3C6-22DA401C2CAA}.Debug|x64.ActiveCfg = Debug|x64
		{DF887146-3256-468C-B3C6-22DA401C2CAA}.Debug|x64.Build.0 = Debug|x64
		{DF887146-3256-468C-B3C6-22DA401C2CAA}.Release|x64.ActiveCfg = Release|x64
		{DF887146-3256-468C-B3C6-22DA401C2CAA}.Release|x64.Build.0 = Release|x64
		{EB7094A1-F385-4C00-8C30-F2EB3A2323AD}.Debug|x64.ActiveCfg = Debug|x64
		{EB7094A1-F385-4C00-8C30-F2EB3A2323AD}.Debug|x64.Build.0 = Debug|x64
		{EB7094A1-F385-4C00-8C30-F2EB3A2323AD}.Release|x64.ActiveCfg = Release|x64
		{EB7094A1-F385-4C00-8C30-F2EB3A2323AD}.Release|x64.Build.0 = Release|x64
		{AC42C31F-D9AA-40FA-91A4-2A463B8936AB}.Debug|x64.ActiveCfg = Debug|x64
		{AC42C31F-D9AA-40FA-91A4-2A463B8936AB}.Debug|x64.Build.0 = Debug|x64
		{AC42C31F-D9AA-40FA-91A4-2A463B8936AB}.Release|x64.ActiveCfg = Release|x64
		{AC42C31F-D9AA-40FA-91A4-2A463B8936AB}.Release|x64.Build.0 = Release|x64
		{93252CBB-D7C9-4C4B-97C8-A8A8E9A599AC}.Debug|x64.ActiveCfg = Debug|x64
		{93252CBB-D7C9-4C4B-97C8-A8A8E9A599AC}.Debug|x64.Build.0 = Debug|x64
		{93252CBB-D7C9-4C4B-97C8-A8A8E9A599AC}.Release|x64.ActiveCfg = Release|x64
		{93252CBB-D7C9-4C4B-97C8-A8A8E9A599AC}.Release|x64.Build.0 = Release|x64
		{171CBA96-88DF-4039-8132-15EF3D565499}.Debug|x64.ActiveCfg = Debug|x64
		{171CBA96-88DF-4039-8132-15EF3D565499}.Debug|x64.Build.0 = Debug|x64
		{171CBA96-88DF-4039-8132-15EF3D565499}.Release|x64.ActiveCfg = Release|x64
		{171CBA96-88DF-4039-8132-15EF3D565499}.Release|x64.Build.0 = Release|x64
		{0A6EFBD4-644E-492A-804F-983CF722C3EE}.Debug|x64.ActiveCfg = Debug|x64
		{0A6EFBD4-644E-492A-804F-983CF722C3EE}.Debug|x64.Build.0 = Debug|x64
		{0A6EFBD4-644E-492A-804F-983CF722C3EE}.Release|x64.ActiveCfg = Release|x64
		{0A6EFBD4-644E-492A-804F-983CF722C3EE}.Release|x64.Build.0 = Release|x64
	EndGlobalSection
	GlobalSection(SolutionProperties) = preSolution
		HideSolutionNode = FALSE
	EndGlobalSection
	GlobalSection(ExtensibilityGlobals) = postSolution
		SolutionGuid = {B53E2805-7EFF-40F0-870D-F9E2F4650964}
	EndGlobalSection
EndGlobal
